// !$*UTF8*$!
{
	archiveVersion = 1;
	classes = {
	};
	objectVersion = 46;
	objects = {

/* Begin PBXBuildFile section */
		80849F351D947D8CC868E1E0 /* libPods-zgnx.a in Frameworks */ = {isa = PBXBuildFile; fileRef = CF8371FC10C929C93A2A303E /* libPods-zgnx.a */; };
		974EBE191CF44F81000DE692 /* UIViewController+CreateTabBarItem.m in Sources */ = {isa = PBXBuildFile; fileRef = 974EBE181CF44F81000DE692 /* UIViewController+CreateTabBarItem.m */; };
		974EBE1F1CF54B62000DE692 /* VideoStreamListViewController.m in Sources */ = {isa = PBXBuildFile; fileRef = 974EBE1E1CF54B62000DE692 /* VideoStreamListViewController.m */; };
		974EBE281CF55DE6000DE692 /* CTMediator.m in Sources */ = {isa = PBXBuildFile; fileRef = 974EBE261CF55DE6000DE692 /* CTMediator.m */; };
		974EBE551CF57A4D000DE692 /* UserModule.m in Sources */ = {isa = PBXBuildFile; fileRef = 974EBE541CF57A4D000DE692 /* UserModule.m */; };
		974EBE671CF57BC9000DE692 /* VODModule.m in Sources */ = {isa = PBXBuildFile; fileRef = 974EBE661CF57BC9000DE692 /* VODModule.m */; };
		974EBE6D1CF57D9D000DE692 /* VideoStreamModule.m in Sources */ = {isa = PBXBuildFile; fileRef = 974EBE6C1CF57D9D000DE692 /* VideoStreamModule.m */; };
		974EBE701CF57DD3000DE692 /* LiveModule.m in Sources */ = {isa = PBXBuildFile; fileRef = 974EBE6F1CF57DD3000DE692 /* LiveModule.m */; };
		974EBE741CF58014000DE692 /* CustomNavBar.m in Sources */ = {isa = PBXBuildFile; fileRef = 974EBE731CF58014000DE692 /* CustomNavBar.m */; };
		974EBE771CF580F8000DE692 /* UserViewController.m in Sources */ = {isa = PBXBuildFile; fileRef = 974EBE761CF580F8000DE692 /* UserViewController.m */; };
		974EBE7A1CF581DB000DE692 /* LiveViewController.m in Sources */ = {isa = PBXBuildFile; fileRef = 974EBE791CF581DB000DE692 /* LiveViewController.m */; };
		974EBE7D1CF581FC000DE692 /* VODListViewController.m in Sources */ = {isa = PBXBuildFile; fileRef = 974EBE7C1CF581FC000DE692 /* VODListViewController.m */; };
		974EBE8F1CF582B2000DE692 /* SearchModule.m in Sources */ = {isa = PBXBuildFile; fileRef = 974EBE831CF582B2000DE692 /* SearchModule.m */; };
		974EBE911CF582B2000DE692 /* ViewHistoryModule.m in Sources */ = {isa = PBXBuildFile; fileRef = 974EBE8B1CF582B2000DE692 /* ViewHistoryModule.m */; };
		974EBE941CF582C6000DE692 /* SearchViewController.m in Sources */ = {isa = PBXBuildFile; fileRef = 974EBE931CF582C6000DE692 /* SearchViewController.m */; };
		974EBE971CF582F0000DE692 /* ViewHistoryListViewController.m in Sources */ = {isa = PBXBuildFile; fileRef = 974EBE961CF582F0000DE692 /* ViewHistoryListViewController.m */; };
		974EBE9A1CF588C4000DE692 /* BaseViewController.m in Sources */ = {isa = PBXBuildFile; fileRef = 974EBE991CF588C4000DE692 /* BaseViewController.m */; };
		974EBEA01CF5946E000DE692 /* Catalog.m in Sources */ = {isa = PBXBuildFile; fileRef = 974EBE9F1CF5946E000DE692 /* Catalog.m */; };
		974EBEA31CF59F7F000DE692 /* CatalogService.m in Sources */ = {isa = PBXBuildFile; fileRef = 974EBEA21CF59F7F000DE692 /* CatalogService.m */; };
		9756E8441CE01D1E0083B90C /* main.m in Sources */ = {isa = PBXBuildFile; fileRef = 9756E8431CE01D1E0083B90C /* main.m */; };
		9756E8471CE01D1E0083B90C /* AppDelegate.m in Sources */ = {isa = PBXBuildFile; fileRef = 9756E8461CE01D1E0083B90C /* AppDelegate.m */; };
		9756E8811CE04BFF0083B90C /* AssetsLibrary.framework in Frameworks */ = {isa = PBXBuildFile; fileRef = 9756E8801CE04BFF0083B90C /* AssetsLibrary.framework */; };
		9756ED701CF431A40083B90C /* UIViewController+AWFactoryMethods.m in Sources */ = {isa = PBXBuildFile; fileRef = 9756ED6F1CF431A40083B90C /* UIViewController+AWFactoryMethods.m */; };
		9756ED721CF433EF0083B90C /* Default-568h@2x.png in Resources */ = {isa = PBXBuildFile; fileRef = 9756ED711CF433EF0083B90C /* Default-568h@2x.png */; };
		9756ED7B1CF4473D0083B90C /* VideoStreamDetailViewController.m in Sources */ = {isa = PBXBuildFile; fileRef = 9756ED7A1CF4473D0083B90C /* VideoStreamDetailViewController.m */; };
		97A4A7D21CF684100045A69B /* VideoListViewController.m in Sources */ = {isa = PBXBuildFile; fileRef = 97A4A7D11CF684100045A69B /* VideoListViewController.m */; };
		97A4A8041CF69F080045A69B /* VODService.m in Sources */ = {isa = PBXBuildFile; fileRef = 97A4A8031CF69F080045A69B /* VODService.m */; };
		97A4A8071CF6A1C80045A69B /* VideoCell.m in Sources */ = {isa = PBXBuildFile; fileRef = 97A4A8061CF6A1C80045A69B /* VideoCell.m */; };
		99AD498C1CF5E73500F7BC6D /* PagerTabStripper.m in Sources */ = {isa = PBXBuildFile; fileRef = 99AD498B1CF5E73500F7BC6D /* PagerTabStripper.m */; };
/* End PBXBuildFile section */

/* Begin PBXFileReference section */
		6F6E035A4D232A6F390C7545 /* Pods-zgnx.release.xcconfig */ = {isa = PBXFileReference; includeInIndex = 1; lastKnownFileType = text.xcconfig; name = "Pods-zgnx.release.xcconfig"; path = "Pods/Target Support Files/Pods-zgnx/Pods-zgnx.release.xcconfig"; sourceTree = "<group>"; };
		974EBE171CF44F81000DE692 /* UIViewController+CreateTabBarItem.h */ = {isa = PBXFileReference; fileEncoding = 4; lastKnownFileType = sourcecode.c.h; path = "UIViewController+CreateTabBarItem.h"; sourceTree = "<group>"; };
		974EBE181CF44F81000DE692 /* UIViewController+CreateTabBarItem.m */ = {isa = PBXFileReference; fileEncoding = 4; lastKnownFileType = sourcecode.c.objc; path = "UIViewController+CreateTabBarItem.m"; sourceTree = "<group>"; };
		974EBE1D1CF54B62000DE692 /* VideoStreamListViewController.h */ = {isa = PBXFileReference; fileEncoding = 4; lastKnownFileType = sourcecode.c.h; path = VideoStreamListViewController.h; sourceTree = "<group>"; };
		974EBE1E1CF54B62000DE692 /* VideoStreamListViewController.m */ = {isa = PBXFileReference; fileEncoding = 4; lastKnownFileType = sourcecode.c.objc; path = VideoStreamListViewController.m; sourceTree = "<group>"; };
		974EBE251CF55DE6000DE692 /* CTMediator.h */ = {isa = PBXFileReference; fileEncoding = 4; lastKnownFileType = sourcecode.c.h; path = CTMediator.h; sourceTree = "<group>"; };
		974EBE261CF55DE6000DE692 /* CTMediator.m */ = {isa = PBXFileReference; fileEncoding = 4; lastKnownFileType = sourcecode.c.objc; path = CTMediator.m; sourceTree = "<group>"; };
		974EBE531CF57A4D000DE692 /* UserModule.h */ = {isa = PBXFileReference; fileEncoding = 4; lastKnownFileType = sourcecode.c.h; path = UserModule.h; sourceTree = "<group>"; };
		974EBE541CF57A4D000DE692 /* UserModule.m */ = {isa = PBXFileReference; fileEncoding = 4; lastKnownFileType = sourcecode.c.objc; path = UserModule.m; sourceTree = "<group>"; };
		974EBE651CF57BC9000DE692 /* VODModule.h */ = {isa = PBXFileReference; fileEncoding = 4; lastKnownFileType = sourcecode.c.h; path = VODModule.h; sourceTree = "<group>"; };
		974EBE661CF57BC9000DE692 /* VODModule.m */ = {isa = PBXFileReference; fileEncoding = 4; lastKnownFileType = sourcecode.c.objc; path = VODModule.m; sourceTree = "<group>"; };
		974EBE6B1CF57D9D000DE692 /* VideoStreamModule.h */ = {isa = PBXFileReference; fileEncoding = 4; lastKnownFileType = sourcecode.c.h; path = VideoStreamModule.h; sourceTree = "<group>"; };
		974EBE6C1CF57D9D000DE692 /* VideoStreamModule.m */ = {isa = PBXFileReference; fileEncoding = 4; lastKnownFileType = sourcecode.c.objc; path = VideoStreamModule.m; sourceTree = "<group>"; };
		974EBE6E1CF57DD3000DE692 /* LiveModule.h */ = {isa = PBXFileReference; fileEncoding = 4; lastKnownFileType = sourcecode.c.h; path = LiveModule.h; sourceTree = "<group>"; };
		974EBE6F1CF57DD3000DE692 /* LiveModule.m */ = {isa = PBXFileReference; fileEncoding = 4; lastKnownFileType = sourcecode.c.objc; path = LiveModule.m; sourceTree = "<group>"; };
		974EBE721CF58014000DE692 /* CustomNavBar.h */ = {isa = PBXFileReference; fileEncoding = 4; lastKnownFileType = sourcecode.c.h; path = CustomNavBar.h; sourceTree = "<group>"; };
		974EBE731CF58014000DE692 /* CustomNavBar.m */ = {isa = PBXFileReference; fileEncoding = 4; lastKnownFileType = sourcecode.c.objc; path = CustomNavBar.m; sourceTree = "<group>"; };
		974EBE751CF580F8000DE692 /* UserViewController.h */ = {isa = PBXFileReference; fileEncoding = 4; lastKnownFileType = sourcecode.c.h; path = UserViewController.h; sourceTree = "<group>"; };
		974EBE761CF580F8000DE692 /* UserViewController.m */ = {isa = PBXFileReference; fileEncoding = 4; lastKnownFileType = sourcecode.c.objc; path = UserViewController.m; sourceTree = "<group>"; };
		974EBE781CF581DB000DE692 /* LiveViewController.h */ = {isa = PBXFileReference; fileEncoding = 4; lastKnownFileType = sourcecode.c.h; path = LiveViewController.h; sourceTree = "<group>"; };
		974EBE791CF581DB000DE692 /* LiveViewController.m */ = {isa = PBXFileReference; fileEncoding = 4; lastKnownFileType = sourcecode.c.objc; path = LiveViewController.m; sourceTree = "<group>"; };
		974EBE7B1CF581FC000DE692 /* VODListViewController.h */ = {isa = PBXFileReference; fileEncoding = 4; lastKnownFileType = sourcecode.c.h; path = VODListViewController.h; sourceTree = "<group>"; };
		974EBE7C1CF581FC000DE692 /* VODListViewController.m */ = {isa = PBXFileReference; fileEncoding = 4; lastKnownFileType = sourcecode.c.objc; path = VODListViewController.m; sourceTree = "<group>"; };
		974EBE821CF582B2000DE692 /* SearchModule.h */ = {isa = PBXFileReference; fileEncoding = 4; lastKnownFileType = sourcecode.c.h; path = SearchModule.h; sourceTree = "<group>"; };
		974EBE831CF582B2000DE692 /* SearchModule.m */ = {isa = PBXFileReference; fileEncoding = 4; lastKnownFileType = sourcecode.c.objc; path = SearchModule.m; sourceTree = "<group>"; };
		974EBE8A1CF582B2000DE692 /* ViewHistoryModule.h */ = {isa = PBXFileReference; fileEncoding = 4; lastKnownFileType = sourcecode.c.h; path = ViewHistoryModule.h; sourceTree = "<group>"; };
		974EBE8B1CF582B2000DE692 /* ViewHistoryModule.m */ = {isa = PBXFileReference; fileEncoding = 4; lastKnownFileType = sourcecode.c.objc; path = ViewHistoryModule.m; sourceTree = "<group>"; };
		974EBE921CF582C6000DE692 /* SearchViewController.h */ = {isa = PBXFileReference; fileEncoding = 4; lastKnownFileType = sourcecode.c.h; path = SearchViewController.h; sourceTree = "<group>"; };
		974EBE931CF582C6000DE692 /* SearchViewController.m */ = {isa = PBXFileReference; fileEncoding = 4; lastKnownFileType = sourcecode.c.objc; path = SearchViewController.m; sourceTree = "<group>"; };
		974EBE951CF582F0000DE692 /* ViewHistoryListViewController.h */ = {isa = PBXFileReference; fileEncoding = 4; lastKnownFileType = sourcecode.c.h; path = ViewHistoryListViewController.h; sourceTree = "<group>"; };
		974EBE961CF582F0000DE692 /* ViewHistoryListViewController.m */ = {isa = PBXFileReference; fileEncoding = 4; lastKnownFileType = sourcecode.c.objc; path = ViewHistoryListViewController.m; sourceTree = "<group>"; };
		974EBE981CF588C4000DE692 /* BaseViewController.h */ = {isa = PBXFileReference; fileEncoding = 4; lastKnownFileType = sourcecode.c.h; path = BaseViewController.h; sourceTree = "<group>"; };
		974EBE991CF588C4000DE692 /* BaseViewController.m */ = {isa = PBXFileReference; fileEncoding = 4; lastKnownFileType = sourcecode.c.objc; path = BaseViewController.m; sourceTree = "<group>"; };
		974EBE9E1CF5946E000DE692 /* Catalog.h */ = {isa = PBXFileReference; fileEncoding = 4; lastKnownFileType = sourcecode.c.h; path = Catalog.h; sourceTree = "<group>"; };
		974EBE9F1CF5946E000DE692 /* Catalog.m */ = {isa = PBXFileReference; fileEncoding = 4; lastKnownFileType = sourcecode.c.objc; path = Catalog.m; sourceTree = "<group>"; };
		974EBEA11CF59F7F000DE692 /* CatalogService.h */ = {isa = PBXFileReference; fileEncoding = 4; lastKnownFileType = sourcecode.c.h; path = CatalogService.h; sourceTree = "<group>"; };
		974EBEA21CF59F7F000DE692 /* CatalogService.m */ = {isa = PBXFileReference; fileEncoding = 4; lastKnownFileType = sourcecode.c.objc; path = CatalogService.m; sourceTree = "<group>"; };
		9756E83F1CE01D1E0083B90C /* zgnx.app */ = {isa = PBXFileReference; explicitFileType = wrapper.application; includeInIndex = 0; path = zgnx.app; sourceTree = BUILT_PRODUCTS_DIR; };
		9756E8431CE01D1E0083B90C /* main.m */ = {isa = PBXFileReference; lastKnownFileType = sourcecode.c.objc; path = main.m; sourceTree = "<group>"; };
		9756E8451CE01D1E0083B90C /* AppDelegate.h */ = {isa = PBXFileReference; lastKnownFileType = sourcecode.c.h; path = AppDelegate.h; sourceTree = "<group>"; };
		9756E8461CE01D1E0083B90C /* AppDelegate.m */ = {isa = PBXFileReference; lastKnownFileType = sourcecode.c.objc; path = AppDelegate.m; sourceTree = "<group>"; };
		9756E8531CE01D1E0083B90C /* Info.plist */ = {isa = PBXFileReference; lastKnownFileType = text.plist.xml; path = Info.plist; sourceTree = "<group>"; };
		9756E8801CE04BFF0083B90C /* AssetsLibrary.framework */ = {isa = PBXFileReference; lastKnownFileType = wrapper.framework; name = AssetsLibrary.framework; path = System/Library/Frameworks/AssetsLibrary.framework; sourceTree = SDKROOT; };
		9756ED5D1CF42B520083B90C /* Defines.h */ = {isa = PBXFileReference; lastKnownFileType = sourcecode.c.h; path = Defines.h; sourceTree = "<group>"; };
		9756ED6E1CF431A40083B90C /* UIViewController+AWFactoryMethods.h */ = {isa = PBXFileReference; fileEncoding = 4; lastKnownFileType = sourcecode.c.h; path = "UIViewController+AWFactoryMethods.h"; sourceTree = "<group>"; };
		9756ED6F1CF431A40083B90C /* UIViewController+AWFactoryMethods.m */ = {isa = PBXFileReference; fileEncoding = 4; lastKnownFileType = sourcecode.c.objc; path = "UIViewController+AWFactoryMethods.m"; sourceTree = "<group>"; };
		9756ED711CF433EF0083B90C /* Default-568h@2x.png */ = {isa = PBXFileReference; lastKnownFileType = image.png; path = "Default-568h@2x.png"; sourceTree = "<group>"; };
		9756ED771CF43C750083B90C /* libAFNetworking.a */ = {isa = PBXFileReference; lastKnownFileType = archive.ar; name = libAFNetworking.a; path = "Pods/../build/Debug-iphoneos/AFNetworking/libAFNetworking.a"; sourceTree = "<group>"; };
		9756ED791CF4473D0083B90C /* VideoStreamDetailViewController.h */ = {isa = PBXFileReference; fileEncoding = 4; lastKnownFileType = sourcecode.c.h; path = VideoStreamDetailViewController.h; sourceTree = "<group>"; };
		9756ED7A1CF4473D0083B90C /* VideoStreamDetailViewController.m */ = {isa = PBXFileReference; fileEncoding = 4; lastKnownFileType = sourcecode.c.objc; path = VideoStreamDetailViewController.m; sourceTree = "<group>"; };
		97A4A7D01CF684100045A69B /* VideoListViewController.h */ = {isa = PBXFileReference; fileEncoding = 4; lastKnownFileType = sourcecode.c.h; path = VideoListViewController.h; sourceTree = "<group>"; };
		97A4A7D11CF684100045A69B /* VideoListViewController.m */ = {isa = PBXFileReference; fileEncoding = 4; lastKnownFileType = sourcecode.c.objc; path = VideoListViewController.m; sourceTree = "<group>"; };
		97A4A8021CF69F080045A69B /* VODService.h */ = {isa = PBXFileReference; fileEncoding = 4; lastKnownFileType = sourcecode.c.h; path = VODService.h; sourceTree = "<group>"; };
		97A4A8031CF69F080045A69B /* VODService.m */ = {isa = PBXFileReference; fileEncoding = 4; lastKnownFileType = sourcecode.c.objc; path = VODService.m; sourceTree = "<group>"; };
		97A4A8051CF6A1C80045A69B /* VideoCell.h */ = {isa = PBXFileReference; fileEncoding = 4; lastKnownFileType = sourcecode.c.h; path = VideoCell.h; sourceTree = "<group>"; };
		97A4A8061CF6A1C80045A69B /* VideoCell.m */ = {isa = PBXFileReference; fileEncoding = 4; lastKnownFileType = sourcecode.c.objc; path = VideoCell.m; sourceTree = "<group>"; };
		99AD498A1CF5E73500F7BC6D /* PagerTabStripper.h */ = {isa = PBXFileReference; fileEncoding = 4; lastKnownFileType = sourcecode.c.h; path = PagerTabStripper.h; sourceTree = "<group>"; };
		99AD498B1CF5E73500F7BC6D /* PagerTabStripper.m */ = {isa = PBXFileReference; fileEncoding = 4; lastKnownFileType = sourcecode.c.objc; path = PagerTabStripper.m; sourceTree = "<group>"; };
		A6DFD8E4B4253B95566AC7C8 /* Pods-zgnx.debug.xcconfig */ = {isa = PBXFileReference; includeInIndex = 1; lastKnownFileType = text.xcconfig; name = "Pods-zgnx.debug.xcconfig"; path = "Pods/Target Support Files/Pods-zgnx/Pods-zgnx.debug.xcconfig"; sourceTree = "<group>"; };
		CF8371FC10C929C93A2A303E /* libPods-zgnx.a */ = {isa = PBXFileReference; explicitFileType = archive.ar; includeInIndex = 0; path = "libPods-zgnx.a"; sourceTree = BUILT_PRODUCTS_DIR; };
/* End PBXFileReference section */

/* Begin PBXFrameworksBuildPhase section */
		9756E83C1CE01D1E0083B90C /* Frameworks */ = {
			isa = PBXFrameworksBuildPhase;
			buildActionMask = 2147483647;
			files = (
				9756E8811CE04BFF0083B90C /* AssetsLibrary.framework in Frameworks */,
				80849F351D947D8CC868E1E0 /* libPods-zgnx.a in Frameworks */,
			);
			runOnlyForDeploymentPostprocessing = 0;
		};
/* End PBXFrameworksBuildPhase section */

/* Begin PBXGroup section */
		804F07C4FB869245CAC4D6FE /* Pods */ = {
			isa = PBXGroup;
			children = (
				A6DFD8E4B4253B95566AC7C8 /* Pods-zgnx.debug.xcconfig */,
				6F6E035A4D232A6F390C7545 /* Pods-zgnx.release.xcconfig */,
			);
			name = Pods;
			sourceTree = "<group>";
		};
		974EBE201CF55DE6000DE692 /* CTMediator */ = {
			isa = PBXGroup;
			children = (
				974EBE251CF55DE6000DE692 /* CTMediator.h */,
				974EBE261CF55DE6000DE692 /* CTMediator.m */,
			);
			path = CTMediator;
			sourceTree = "<group>";
		};
		974EBE4E1CF57921000DE692 /* Modules */ = {
			isa = PBXGroup;
			children = (
				974EBE7E1CF582B2000DE692 /* Search */,
				974EBE861CF582B2000DE692 /* ViewHistory */,
				974EBE591CF57B54000DE692 /* Live */,
				974EBE5A1CF57B54000DE692 /* VideoStream */,
				974EBE5B1CF57B54000DE692 /* VOD */,
				974EBE521CF57A4D000DE692 /* User */,
			);
			path = Modules;
			sourceTree = "<group>";
		};
		974EBE521CF57A4D000DE692 /* User */ = {
			isa = PBXGroup;
			children = (
				974EBE571CF57A70000DE692 /* Models */,
				974EBE581CF57A70000DE692 /* Views */,
				974EBE561CF57A70000DE692 /* Controllers */,
				974EBE531CF57A4D000DE692 /* UserModule.h */,
				974EBE541CF57A4D000DE692 /* UserModule.m */,
			);
			path = User;
			sourceTree = "<group>";
		};
		974EBE561CF57A70000DE692 /* Controllers */ = {
			isa = PBXGroup;
			children = (
				974EBE751CF580F8000DE692 /* UserViewController.h */,
				974EBE761CF580F8000DE692 /* UserViewController.m */,
			);
			path = Controllers;
			sourceTree = "<group>";
		};
		974EBE571CF57A70000DE692 /* Models */ = {
			isa = PBXGroup;
			children = (
			);
			path = Models;
			sourceTree = "<group>";
		};
		974EBE581CF57A70000DE692 /* Views */ = {
			isa = PBXGroup;
			children = (
			);
			path = Views;
			sourceTree = "<group>";
		};
		974EBE591CF57B54000DE692 /* Live */ = {
			isa = PBXGroup;
			children = (
				974EBE6E1CF57DD3000DE692 /* LiveModule.h */,
				974EBE6F1CF57DD3000DE692 /* LiveModule.m */,
				974EBE5F1CF57B96000DE692 /* Controllers */,
				974EBE601CF57B96000DE692 /* Models */,
				974EBE611CF57B96000DE692 /* Views */,
			);
			path = Live;
			sourceTree = "<group>";
		};
		974EBE5A1CF57B54000DE692 /* VideoStream */ = {
			isa = PBXGroup;
			children = (
				974EBE6B1CF57D9D000DE692 /* VideoStreamModule.h */,
				974EBE6C1CF57D9D000DE692 /* VideoStreamModule.m */,
				974EBE5C1CF57B6F000DE692 /* Controllers */,
				974EBE5D1CF57B6F000DE692 /* Models */,
				974EBE5E1CF57B6F000DE692 /* Views */,
			);
			path = VideoStream;
			sourceTree = "<group>";
		};
		974EBE5B1CF57B54000DE692 /* VOD */ = {
			isa = PBXGroup;
			children = (
				974EBE621CF57BA7000DE692 /* Controllers */,
				974EBE631CF57BA7000DE692 /* Models */,
				974EBE641CF57BA7000DE692 /* Views */,
				974EBE651CF57BC9000DE692 /* VODModule.h */,
				974EBE661CF57BC9000DE692 /* VODModule.m */,
				97A4A8021CF69F080045A69B /* VODService.h */,
				97A4A8031CF69F080045A69B /* VODService.m */,
				974EBEA11CF59F7F000DE692 /* CatalogService.h */,
				974EBEA21CF59F7F000DE692 /* CatalogService.m */,
			);
			path = VOD;
			sourceTree = "<group>";
		};
		974EBE5C1CF57B6F000DE692 /* Controllers */ = {
			isa = PBXGroup;
			children = (
			);
			path = Controllers;
			sourceTree = "<group>";
		};
		974EBE5D1CF57B6F000DE692 /* Models */ = {
			isa = PBXGroup;
			children = (
			);
			path = Models;
			sourceTree = "<group>";
		};
		974EBE5E1CF57B6F000DE692 /* Views */ = {
			isa = PBXGroup;
			children = (
			);
			path = Views;
			sourceTree = "<group>";
		};
		974EBE5F1CF57B96000DE692 /* Controllers */ = {
			isa = PBXGroup;
			children = (
				974EBE781CF581DB000DE692 /* LiveViewController.h */,
				974EBE791CF581DB000DE692 /* LiveViewController.m */,
			);
			path = Controllers;
			sourceTree = "<group>";
		};
		974EBE601CF57B96000DE692 /* Models */ = {
			isa = PBXGroup;
			children = (
			);
			path = Models;
			sourceTree = "<group>";
		};
		974EBE611CF57B96000DE692 /* Views */ = {
			isa = PBXGroup;
			children = (
			);
			path = Views;
			sourceTree = "<group>";
		};
		974EBE621CF57BA7000DE692 /* Controllers */ = {
			isa = PBXGroup;
			children = (
				974EBE7B1CF581FC000DE692 /* VODListViewController.h */,
				974EBE7C1CF581FC000DE692 /* VODListViewController.m */,
				97A4A7D01CF684100045A69B /* VideoListViewController.h */,
				97A4A7D11CF684100045A69B /* VideoListViewController.m */,
			);
			path = Controllers;
			sourceTree = "<group>";
		};
		974EBE631CF57BA7000DE692 /* Models */ = {
			isa = PBXGroup;
			children = (
				974EBE9E1CF5946E000DE692 /* Catalog.h */,
				974EBE9F1CF5946E000DE692 /* Catalog.m */,
			);
			path = Models;
			sourceTree = "<group>";
		};
		974EBE641CF57BA7000DE692 /* Views */ = {
			isa = PBXGroup;
			children = (
				99AD498A1CF5E73500F7BC6D /* PagerTabStripper.h */,
				99AD498B1CF5E73500F7BC6D /* PagerTabStripper.m */,
				97A4A8051CF6A1C80045A69B /* VideoCell.h */,
				97A4A8061CF6A1C80045A69B /* VideoCell.m */,
			);
			path = Views;
			sourceTree = "<group>";
		};
		974EBE711CF58008000DE692 /* CustomNavBar */ = {
			isa = PBXGroup;
			children = (
				974EBE721CF58014000DE692 /* CustomNavBar.h */,
				974EBE731CF58014000DE692 /* CustomNavBar.m */,
			);
			path = CustomNavBar;
			sourceTree = "<group>";
		};
		974EBE7E1CF582B2000DE692 /* Search */ = {
			isa = PBXGroup;
			children = (
				974EBE7F1CF582B2000DE692 /* Controllers */,
				974EBE821CF582B2000DE692 /* SearchModule.h */,
				974EBE831CF582B2000DE692 /* SearchModule.m */,
				974EBE841CF582B2000DE692 /* Models */,
				974EBE851CF582B2000DE692 /* Views */,
			);
			path = Search;
			sourceTree = "<group>";
		};
		974EBE7F1CF582B2000DE692 /* Controllers */ = {
			isa = PBXGroup;
			children = (
				974EBE921CF582C6000DE692 /* SearchViewController.h */,
				974EBE931CF582C6000DE692 /* SearchViewController.m */,
			);
			path = Controllers;
			sourceTree = "<group>";
		};
		974EBE841CF582B2000DE692 /* Models */ = {
			isa = PBXGroup;
			children = (
			);
			path = Models;
			sourceTree = "<group>";
		};
		974EBE851CF582B2000DE692 /* Views */ = {
			isa = PBXGroup;
			children = (
			);
			path = Views;
			sourceTree = "<group>";
		};
		974EBE861CF582B2000DE692 /* ViewHistory */ = {
			isa = PBXGroup;
			children = (
				974EBE871CF582B2000DE692 /* Controllers */,
				974EBE8A1CF582B2000DE692 /* ViewHistoryModule.h */,
				974EBE8B1CF582B2000DE692 /* ViewHistoryModule.m */,
				974EBE8C1CF582B2000DE692 /* Models */,
				974EBE8D1CF582B2000DE692 /* Views */,
			);
			path = ViewHistory;
			sourceTree = "<group>";
		};
		974EBE871CF582B2000DE692 /* Controllers */ = {
			isa = PBXGroup;
			children = (
				974EBE951CF582F0000DE692 /* ViewHistoryListViewController.h */,
				974EBE961CF582F0000DE692 /* ViewHistoryListViewController.m */,
			);
			path = Controllers;
			sourceTree = "<group>";
		};
		974EBE8C1CF582B2000DE692 /* Models */ = {
			isa = PBXGroup;
			children = (
			);
			path = Models;
			sourceTree = "<group>";
		};
		974EBE8D1CF582B2000DE692 /* Views */ = {
			isa = PBXGroup;
			children = (
			);
			path = Views;
			sourceTree = "<group>";
		};
		9756E8361CE01D1E0083B90C = {
			isa = PBXGroup;
			children = (
				9756ED711CF433EF0083B90C /* Default-568h@2x.png */,
				9756E8411CE01D1E0083B90C /* zgnx */,
				9756E8401CE01D1E0083B90C /* Products */,
				DA9DB71E0B10257512B562DC /* Frameworks */,
				804F07C4FB869245CAC4D6FE /* Pods */,
			);
			sourceTree = "<group>";
		};
		9756E8401CE01D1E0083B90C /* Products */ = {
			isa = PBXGroup;
			children = (
				9756E83F1CE01D1E0083B90C /* zgnx.app */,
			);
			name = Products;
			sourceTree = "<group>";
		};
		9756E8411CE01D1E0083B90C /* zgnx */ = {
			isa = PBXGroup;
			children = (
				974EBE711CF58008000DE692 /* CustomNavBar */,
				974EBE201CF55DE6000DE692 /* CTMediator */,
				974EBE4E1CF57921000DE692 /* Modules */,
				9756ED6D1CF431860083B90C /* Extensions */,
				9756ED611CF430890083B90C /* Controllers */,
				9756ED5D1CF42B520083B90C /* Defines.h */,
				9756E8451CE01D1E0083B90C /* AppDelegate.h */,
				9756E8461CE01D1E0083B90C /* AppDelegate.m */,
				9756E8531CE01D1E0083B90C /* Info.plist */,
				9756E8421CE01D1E0083B90C /* Supporting Files */,
			);
			path = zgnx;
			sourceTree = "<group>";
		};
		9756E8421CE01D1E0083B90C /* Supporting Files */ = {
			isa = PBXGroup;
			children = (
				9756E8431CE01D1E0083B90C /* main.m */,
			);
			name = "Supporting Files";
			sourceTree = "<group>";
		};
		9756ED611CF430890083B90C /* Controllers */ = {
			isa = PBXGroup;
			children = (
				974EBE981CF588C4000DE692 /* BaseViewController.h */,
				974EBE991CF588C4000DE692 /* BaseViewController.m */,
				974EBE1D1CF54B62000DE692 /* VideoStreamListViewController.h */,
				974EBE1E1CF54B62000DE692 /* VideoStreamListViewController.m */,
				9756ED791CF4473D0083B90C /* VideoStreamDetailViewController.h */,
				9756ED7A1CF4473D0083B90C /* VideoStreamDetailViewController.m */,
			);
			path = Controllers;
			sourceTree = "<group>";
		};
		9756ED6D1CF431860083B90C /* Extensions */ = {
			isa = PBXGroup;
			children = (
				9756ED6E1CF431A40083B90C /* UIViewController+AWFactoryMethods.h */,
				9756ED6F1CF431A40083B90C /* UIViewController+AWFactoryMethods.m */,
				974EBE171CF44F81000DE692 /* UIViewController+CreateTabBarItem.h */,
				974EBE181CF44F81000DE692 /* UIViewController+CreateTabBarItem.m */,
			);
			path = Extensions;
			sourceTree = "<group>";
		};
		DA9DB71E0B10257512B562DC /* Frameworks */ = {
			isa = PBXGroup;
			children = (
				9756ED771CF43C750083B90C /* libAFNetworking.a */,
				9756E8801CE04BFF0083B90C /* AssetsLibrary.framework */,
				CF8371FC10C929C93A2A303E /* libPods-zgnx.a */,
			);
			name = Frameworks;
			sourceTree = "<group>";
		};
/* End PBXGroup section */

/* Begin PBXNativeTarget section */
		9756E83E1CE01D1E0083B90C /* zgnx */ = {
			isa = PBXNativeTarget;
			buildConfigurationList = 9756E8561CE01D1E0083B90C /* Build configuration list for PBXNativeTarget "zgnx" */;
			buildPhases = (
				ABEFC41030F8B27DE6814881 /* 📦 Check Pods Manifest.lock */,
				9756E83B1CE01D1E0083B90C /* Sources */,
				9756E83C1CE01D1E0083B90C /* Frameworks */,
				9756E83D1CE01D1E0083B90C /* Resources */,
				AFDF4CD33B85ADB8AB902C6D /* 📦 Embed Pods Frameworks */,
				B2E27F9A55A6F3A485A97131 /* 📦 Copy Pods Resources */,
				0B3825EA20FE30B162DD7864 /* Embed Pods Frameworks */,
			);
			buildRules = (
			);
			dependencies = (
			);
			name = zgnx;
			productName = zgnx;
			productReference = 9756E83F1CE01D1E0083B90C /* zgnx.app */;
			productType = "com.apple.product-type.application";
		};
/* End PBXNativeTarget section */

/* Begin PBXProject section */
		9756E8371CE01D1E0083B90C /* Project object */ = {
			isa = PBXProject;
			attributes = {
				LastUpgradeCheck = 0720;
				ORGANIZATIONNAME = tangwei1;
				TargetAttributes = {
					9756E83E1CE01D1E0083B90C = {
						CreatedOnToolsVersion = 7.2.1;
					};
				};
			};
			buildConfigurationList = 9756E83A1CE01D1E0083B90C /* Build configuration list for PBXProject "zgnx" */;
			compatibilityVersion = "Xcode 3.2";
			developmentRegion = English;
			hasScannedForEncodings = 0;
			knownRegions = (
				en,
				Base,
			);
			mainGroup = 9756E8361CE01D1E0083B90C;
			productRefGroup = 9756E8401CE01D1E0083B90C /* Products */;
			projectDirPath = "";
			projectRoot = "";
			targets = (
				9756E83E1CE01D1E0083B90C /* zgnx */,
			);
		};
/* End PBXProject section */

/* Begin PBXResourcesBuildPhase section */
		9756E83D1CE01D1E0083B90C /* Resources */ = {
			isa = PBXResourcesBuildPhase;
			buildActionMask = 2147483647;
			files = (
				9756ED721CF433EF0083B90C /* Default-568h@2x.png in Resources */,
			);
			runOnlyForDeploymentPostprocessing = 0;
		};
/* End PBXResourcesBuildPhase section */

/* Begin PBXShellScriptBuildPhase section */
		0B3825EA20FE30B162DD7864 /* Embed Pods Frameworks */ = {
			isa = PBXShellScriptBuildPhase;
			buildActionMask = 2147483647;
			files = (
			);
			inputPaths = (
			);
			name = "Embed Pods Frameworks";
			outputPaths = (
			);
			runOnlyForDeploymentPostprocessing = 0;
			shellPath = /bin/sh;
			shellScript = "\"${SRCROOT}/Pods/Target Support Files/Pods-zgnx/Pods-zgnx-frameworks.sh\"\n";
			showEnvVarsInLog = 0;
		};
		ABEFC41030F8B27DE6814881 /* 📦 Check Pods Manifest.lock */ = {
			isa = PBXShellScriptBuildPhase;
			buildActionMask = 2147483647;
			files = (
			);
			inputPaths = (
			);
			name = "📦 Check Pods Manifest.lock";
			outputPaths = (
			);
			runOnlyForDeploymentPostprocessing = 0;
			shellPath = /bin/sh;
			shellScript = "diff \"${PODS_ROOT}/../Podfile.lock\" \"${PODS_ROOT}/Manifest.lock\" > /dev/null\nif [[ $? != 0 ]] ; then\n    cat << EOM\nerror: The sandbox is not in sync with the Podfile.lock. Run 'pod install' or update your CocoaPods installation.\nEOM\n    exit 1\nfi\n";
			showEnvVarsInLog = 0;
		};
		AFDF4CD33B85ADB8AB902C6D /* 📦 Embed Pods Frameworks */ = {
			isa = PBXShellScriptBuildPhase;
			buildActionMask = 2147483647;
			files = (
			);
			inputPaths = (
			);
			name = "📦 Embed Pods Frameworks";
			outputPaths = (
			);
			runOnlyForDeploymentPostprocessing = 0;
			shellPath = /bin/sh;
			shellScript = "\"${SRCROOT}/Pods/Target Support Files/Pods-zgnx/Pods-zgnx-frameworks.sh\"\n";
			showEnvVarsInLog = 0;
		};
		B2E27F9A55A6F3A485A97131 /* 📦 Copy Pods Resources */ = {
			isa = PBXShellScriptBuildPhase;
			buildActionMask = 2147483647;
			files = (
			);
			inputPaths = (
			);
			name = "📦 Copy Pods Resources";
			outputPaths = (
			);
			runOnlyForDeploymentPostprocessing = 0;
			shellPath = /bin/sh;
			shellScript = "\"${SRCROOT}/Pods/Target Support Files/Pods-zgnx/Pods-zgnx-resources.sh\"\n";
			showEnvVarsInLog = 0;
		};
/* End PBXShellScriptBuildPhase section */

/* Begin PBXSourcesBuildPhase section */
		9756E83B1CE01D1E0083B90C /* Sources */ = {
			isa = PBXSourcesBuildPhase;
			buildActionMask = 2147483647;
			files = (
				974EBE671CF57BC9000DE692 /* VODModule.m in Sources */,
				974EBE9A1CF588C4000DE692 /* BaseViewController.m in Sources */,
				974EBE6D1CF57D9D000DE692 /* VideoStreamModule.m in Sources */,
				974EBE281CF55DE6000DE692 /* CTMediator.m in Sources */,
				974EBE191CF44F81000DE692 /* UIViewController+CreateTabBarItem.m in Sources */,
				974EBEA31CF59F7F000DE692 /* CatalogService.m in Sources */,
				974EBE551CF57A4D000DE692 /* UserModule.m in Sources */,
				974EBE771CF580F8000DE692 /* UserViewController.m in Sources */,
				974EBE971CF582F0000DE692 /* ViewHistoryListViewController.m in Sources */,
				974EBE941CF582C6000DE692 /* SearchViewController.m in Sources */,
				974EBE8F1CF582B2000DE692 /* SearchModule.m in Sources */,
				974EBE7D1CF581FC000DE692 /* VODListViewController.m in Sources */,
				974EBE701CF57DD3000DE692 /* LiveModule.m in Sources */,
				97A4A8071CF6A1C80045A69B /* VideoCell.m in Sources */,
				9756ED7B1CF4473D0083B90C /* VideoStreamDetailViewController.m in Sources */,
				9756E8471CE01D1E0083B90C /* AppDelegate.m in Sources */,
				974EBE911CF582B2000DE692 /* ViewHistoryModule.m in Sources */,
				974EBE741CF58014000DE692 /* CustomNavBar.m in Sources */,
				9756E8441CE01D1E0083B90C /* main.m in Sources */,
				974EBEA01CF5946E000DE692 /* Catalog.m in Sources */,
				9756ED701CF431A40083B90C /* UIViewController+AWFactoryMethods.m in Sources */,
				974EBE7A1CF581DB000DE692 /* LiveViewController.m in Sources */,
				97A4A8041CF69F080045A69B /* VODService.m in Sources */,
				99AD498C1CF5E73500F7BC6D /* PagerTabStripper.m in Sources */,
				97A4A7D21CF684100045A69B /* VideoListViewController.m in Sources */,
				974EBE1F1CF54B62000DE692 /* VideoStreamListViewController.m in Sources */,
			);
			runOnlyForDeploymentPostprocessing = 0;
		};
/* End PBXSourcesBuildPhase section */

/* Begin XCBuildConfiguration section */
		9756E8541CE01D1E0083B90C /* Debug */ = {
			isa = XCBuildConfiguration;
			buildSettings = {
				ALWAYS_SEARCH_USER_PATHS = NO;
				CLANG_CXX_LANGUAGE_STANDARD = "gnu++0x";
				CLANG_CXX_LIBRARY = "libc++";
				CLANG_ENABLE_MODULES = YES;
				CLANG_ENABLE_OBJC_ARC = YES;
				CLANG_WARN_BOOL_CONVERSION = YES;
				CLANG_WARN_CONSTANT_CONVERSION = YES;
				CLANG_WARN_DIRECT_OBJC_ISA_USAGE = YES_ERROR;
				CLANG_WARN_EMPTY_BODY = YES;
				CLANG_WARN_ENUM_CONVERSION = YES;
				CLANG_WARN_INT_CONVERSION = YES;
				CLANG_WARN_OBJC_ROOT_CLASS = YES_ERROR;
				CLANG_WARN_UNREACHABLE_CODE = YES;
				CLANG_WARN__DUPLICATE_METHOD_MATCH = YES;
				"CODE_SIGN_IDENTITY[sdk=iphoneos*]" = "iPhone Developer";
				COPY_PHASE_STRIP = NO;
				DEBUG_INFORMATION_FORMAT = dwarf;
				ENABLE_STRICT_OBJC_MSGSEND = YES;
				ENABLE_TESTABILITY = YES;
				GCC_C_LANGUAGE_STANDARD = gnu99;
				GCC_DYNAMIC_NO_PIC = NO;
				GCC_NO_COMMON_BLOCKS = YES;
				GCC_OPTIMIZATION_LEVEL = 0;
				GCC_PREPROCESSOR_DEFINITIONS = (
					"DEBUG=1",
					"$(inherited)",
				);
				GCC_WARN_64_TO_32_BIT_CONVERSION = YES;
				GCC_WARN_ABOUT_RETURN_TYPE = YES_ERROR;
				GCC_WARN_UNDECLARED_SELECTOR = YES;
				GCC_WARN_UNINITIALIZED_AUTOS = YES_AGGRESSIVE;
				GCC_WARN_UNUSED_FUNCTION = YES;
				GCC_WARN_UNUSED_VARIABLE = YES;
				IPHONEOS_DEPLOYMENT_TARGET = 9.2;
				MTL_ENABLE_DEBUG_INFO = YES;
				ONLY_ACTIVE_ARCH = YES;
				SDKROOT = iphoneos;
			};
			name = Debug;
		};
		9756E8551CE01D1E0083B90C /* Release */ = {
			isa = XCBuildConfiguration;
			buildSettings = {
				ALWAYS_SEARCH_USER_PATHS = NO;
				CLANG_CXX_LANGUAGE_STANDARD = "gnu++0x";
				CLANG_CXX_LIBRARY = "libc++";
				CLANG_ENABLE_MODULES = YES;
				CLANG_ENABLE_OBJC_ARC = YES;
				CLANG_WARN_BOOL_CONVERSION = YES;
				CLANG_WARN_CONSTANT_CONVERSION = YES;
				CLANG_WARN_DIRECT_OBJC_ISA_USAGE = YES_ERROR;
				CLANG_WARN_EMPTY_BODY = YES;
				CLANG_WARN_ENUM_CONVERSION = YES;
				CLANG_WARN_INT_CONVERSION = YES;
				CLANG_WARN_OBJC_ROOT_CLASS = YES_ERROR;
				CLANG_WARN_UNREACHABLE_CODE = YES;
				CLANG_WARN__DUPLICATE_METHOD_MATCH = YES;
				"CODE_SIGN_IDENTITY[sdk=iphoneos*]" = "iPhone Developer";
				COPY_PHASE_STRIP = NO;
				DEBUG_INFORMATION_FORMAT = "dwarf-with-dsym";
				ENABLE_NS_ASSERTIONS = NO;
				ENABLE_STRICT_OBJC_MSGSEND = YES;
				GCC_C_LANGUAGE_STANDARD = gnu99;
				GCC_NO_COMMON_BLOCKS = YES;
				GCC_WARN_64_TO_32_BIT_CONVERSION = YES;
				GCC_WARN_ABOUT_RETURN_TYPE = YES_ERROR;
				GCC_WARN_UNDECLARED_SELECTOR = YES;
				GCC_WARN_UNINITIALIZED_AUTOS = YES_AGGRESSIVE;
				GCC_WARN_UNUSED_FUNCTION = YES;
				GCC_WARN_UNUSED_VARIABLE = YES;
				IPHONEOS_DEPLOYMENT_TARGET = 9.2;
				MTL_ENABLE_DEBUG_INFO = NO;
				SDKROOT = iphoneos;
				VALIDATE_PRODUCT = YES;
			};
			name = Release;
		};
		9756E8571CE01D1E0083B90C /* Debug */ = {
			isa = XCBuildConfiguration;
			baseConfigurationReference = A6DFD8E4B4253B95566AC7C8 /* Pods-zgnx.debug.xcconfig */;
			buildSettings = {
				ASSETCATALOG_COMPILER_APPICON_NAME = AppIcon;
				INFOPLIST_FILE = zgnx/Info.plist;
				IPHONEOS_DEPLOYMENT_TARGET = 7.0;
				LD_RUNPATH_SEARCH_PATHS = "$(inherited) @executable_path/Frameworks";
				LIBRARY_SEARCH_PATHS = (
					"$(inherited)",
					"$(PROJECT_DIR)/build/Debug-iphoneos/AFNetworking",
				);
				ONLY_ACTIVE_ARCH = YES;
				OTHER_LDFLAGS = (
					"-ObjC",
					"-l\"AFNetworking\"",
					"-l\"AWAPIManager\"",
					"-l\"AWGeometry\"",
					"-l\"AWRefresh\"",
					"-l\"AWTableView\"",
					"-l\"AWUITools\"",
					"-framework",
					"\"CoreGraphics\"",
					"-framework",
					"\"Foundation\"",
					"-framework",
					"\"MobileCoreServices\"",
					"-framework",
					"\"Security\"",
					"-framework",
					"\"SystemConfiguration\"",
					"-framework",
					"\"UIKit\"",
					"$(inherited)",
				);
				PRODUCT_BUNDLE_IDENTIFIER = com.testd.zgnx;
				PRODUCT_NAME = "$(TARGET_NAME)";
				VALID_ARCHS = "arm64 armv7 armv7s";
			};
			name = Debug;
		};
		9756E8581CE01D1E0083B90C /* Release */ = {
			isa = XCBuildConfiguration;
			baseConfigurationReference = 6F6E035A4D232A6F390C7545 /* Pods-zgnx.release.xcconfig */;
			buildSettings = {
				ASSETCATALOG_COMPILER_APPICON_NAME = AppIcon;
				INFOPLIST_FILE = zgnx/Info.plist;
				IPHONEOS_DEPLOYMENT_TARGET = 7.0;
				LD_RUNPATH_SEARCH_PATHS = "$(inherited) @executable_path/Frameworks";
				LIBRARY_SEARCH_PATHS = (
					"$(inherited)",
					"$(PROJECT_DIR)/build/Debug-iphoneos/AFNetworking",
				);
				PRODUCT_BUNDLE_IDENTIFIER = com.testd.zgnx;
				PRODUCT_NAME = "$(TARGET_NAME)";
				VALID_ARCHS = "arm64 armv7 armv7s";
			};
			name = Release;
		};
/* End XCBuildConfiguration section */

/* Begin XCConfigurationList section */
		9756E83A1CE01D1E0083B90C /* Build configuration list for PBXProject "zgnx" */ = {
			isa = XCConfigurationList;
			buildConfigurations = (
				9756E8541CE01D1E0083B90C /* Debug */,
				9756E8551CE01D1E0083B90C /* Release */,
			);
			defaultConfigurationIsVisible = 0;
			defaultConfigurationName = Release;
		};
		9756E8561CE01D1E0083B90C /* Build configuration list for PBXNativeTarget "zgnx" */ = {
			isa = XCConfigurationList;
			buildConfigurations = (
				9756E8571CE01D1E0083B90C /* Debug */,
				9756E8581CE01D1E0083B90C /* Release */,
			);
			defaultConfigurationIsVisible = 0;
			defaultConfigurationName = Release;
		};
/* End XCConfigurationList section */
	};
	rootObject = 9756E8371CE01D1E0083B90C /* Project object */;
}
